
Microsoft Visual Studio Solution File, Format Version 12.00
# Visual Studio Version 16
VisualStudioVersion = 16.0.31025.194
MinimumVisualStudioVersion = 10.0.40219.1
Project("{8BC9CEB8-8B4A-11D0-8D11-00A0C91BC942}") = "Algorithm_HW2", "Algorithm_HW2.vcxproj", "{9E4C5858-567F-421D-892B-1782F3F889E9}"
EndProject
Global
	GlobalSection(SolutionConfigurationPlatforms) = preSolution
		Debug|x64 = Debug|x64
		Debug|x86 = Debug|x86
		Release|x64 = Release|x64
		Release|x86 = Release|x86
	EndGlobalSection
	GlobalSection(ProjectConfigurationPlatforms) = postSolution
		{9E4C5858-567F-421D-892B-1782F3F889E9}.Debug|x64.ActiveCfg = Debug|x64
		{9E4C5858-567F-421D-892B-1782F3F889E9}.Debug|x64.Build.0 = Debug|x64
		{9E4C5858-567F-421D-892B-1782F3F889E9}.Debug|x86.ActiveCfg = Debug|Win32
		{9E4C5858-567F-421D-892B-1782F3F889E9}.Debug|x86.Build.0 = Debug|Win32
		{9E4C5858-567F-421D-892B-1782F3F889E9}.Release|x64.ActiveCfg = Release|x64
		{9E4C5858-567F-421D-892B-1782F3F889E9}.Release|x64.Build.0 = Release|x64
		{9E4C5858-567F-421D-892B-1782F3F889E9}.Release|x86.ActiveCfg = Release|Win32
		{9E4C5858-567F-421D-892B-1782F3F889E9}.Release|x86.Build.0 = Release|Win32
	EndGlobalSection
	GlobalSection(SolutionProperties) = preSolution
		HideSolutionNode = FALSE
	EndGlobalSection
	GlobalSection(ExtensibilityGlobals) = postSolution
		SolutionGuid = {C8ACD937-4F02-4472-AED5-5623B73033E1}
	EndGlobalSection
EndGlobal
